
Microsoft Visual Studio Solution File, Format Version 11.00
# Visual Studio 2010
Project("{FAE04EC0-301F-11D3-BF4B-00C04F79EFBC}") = "Renci.SshClient", "Renci.SshClient\Renci.SshClient.csproj", "{2F5F8C90-0BD1-424F-997C-7BC6280919D1}"
EndProject
Project("{FAE04EC0-301F-11D3-BF4B-00C04F79EFBC}") = "Renci.SshClient.Test", "Renci.SshClient.Test\Renci.SshClient.Test.csproj", "{23E84A34-A9EC-47D5-BECE-0725053BB17E}"
EndProject
Global
	GlobalSection(TeamFoundationVersionControl) = preSolution
		SccNumberOfProjects = 3
		SccEnterpriseProvider = {4CA58AB2-18FA-4F8D-95D4-32DDF27D184C}
		SccTeamFoundationServer = https://tfs.codeplex.com/tfs/tfs11
		SccLocalPath0 = .
		SccProjectUniqueName1 = Renci.SshClient.Test\\Renci.SshClient.Test.csproj
		SccProjectName1 = Renci.SshClient.Test
		SccLocalPath1 = Renci.SshClient.Test
		SccProjectUniqueName2 = Renci.SshClient\\Renci.SshClient.csproj
		SccProjectName2 = Renci.SshClient
		SccLocalPath2 = Renci.SshClient
	EndGlobalSection
	GlobalSection(SolutionConfigurationPlatforms) = preSolution
		Debug|Any CPU = Debug|Any CPU
		Debug|Mixed Platforms = Debug|Mixed Platforms
		Debug|x86 = Debug|x86
		Release|Any CPU = Release|Any CPU
		Release|Mixed Platforms = Release|Mixed Platforms
		Release|x86 = Release|x86
	EndGlobalSection
	GlobalSection(ProjectConfigurationPlatforms) = postSolution
		{2F5F8C90-0BD1-424F-997C-7BC6280919D1}.Debug|Any CPU.ActiveCfg = Debug|Any CPU
		{2F5F8C90-0BD1-424F-997C-7BC6280919D1}.Debug|Any CPU.Build.0 = Debug|Any CPU
		{2F5F8C90-0BD1-424F-997C-7BC6280919D1}.Debug|Mixed Platforms.ActiveCfg = Debug|Any CPU
		{2F5F8C90-0BD1-424F-997C-7BC6280919D1}.Debug|Mixed Platforms.Build.0 = Debug|Any CPU
		{2F5F8C90-0BD1-424F-997C-7BC6280919D1}.Debug|x86.ActiveCfg = Debug|Any CPU
		{2F5F8C90-0BD1-424F-997C-7BC6280919D1}.Release|Any CPU.ActiveCfg = Release|Any CPU
		{2F5F8C90-0BD1-424F-997C-7BC6280919D1}.Release|Any CPU.Build.0 = Release|Any CPU
		{2F5F8C90-0BD1-424F-997C-7BC6280919D1}.Release|Mixed Platforms.ActiveCfg = Release|Any CPU
		{2F5F8C90-0BD1-424F-997C-7BC6280919D1}.Release|Mixed Platforms.Build.0 = Release|Any CPU
		{2F5F8C90-0BD1-424F-997C-7BC6280919D1}.Release|x86.ActiveCfg = Release|Any CPU
		{23E84A34-A9EC-47D5-BECE-0725053BB17E}.Debug|Any CPU.ActiveCfg = Debug|x86
		{23E84A34-A9EC-47D5-BECE-0725053BB17E}.Debug|Mixed Platforms.ActiveCfg = Debug|x86
		{23E84A34-A9EC-47D5-BECE-0725053BB17E}.Debug|Mixed Platforms.Build.0 = Debug|x86
		{23E84A34-A9EC-47D5-BECE-0725053BB17E}.Debug|x86.ActiveCfg = Debug|x86
		{23E84A34-A9EC-47D5-BECE-0725053BB17E}.Debug|x86.Build.0 = Debug|x86
		{23E84A34-A9EC-47D5-BECE-0725053BB17E}.Release|Any CPU.ActiveCfg = Release|x86
		{23E84A34-A9EC-47D5-BECE-0725053BB17E}.Release|Mixed Platforms.ActiveCfg = Release|x86
		{23E84A34-A9EC-47D5-BECE-0725053BB17E}.Release|Mixed Platforms.Build.0 = Release|x86
		{23E84A34-A9EC-47D5-BECE-0725053BB17E}.Release|x86.ActiveCfg = Release|x86
		{23E84A34-A9EC-47D5-BECE-0725053BB17E}.Release|x86.Build.0 = Release|x86
	EndGlobalSection
	GlobalSection(SolutionProperties) = preSolution
		HideSolutionNode = FALSE
	EndGlobalSection
EndGlobal
