
Microsoft Visual Studio Solution File, Format Version 12.00
# Visual Studio 2012
Project("{FAE04EC0-301F-11D3-BF4B-00C04F79EFBC}") = "Renci.SshNet.Silverlight", "Renci.SshNet.Silverlight\Renci.SshNet.Silverlight.csproj", "{77C294BB-1DC2-49DC-BE16-963F8F22794D}"
EndProject
Project("{FAE04EC0-301F-11D3-BF4B-00C04F79EFBC}") = "Renci.SshNet.WindowsPhone", "Renci.SshNet.WindowsPhone\Renci.SshNet.WindowsPhone.csproj", "{3AD3EDF0-702E-4A91-8735-DCE4659AA54C}"
EndProject
Project("{FAE04EC0-301F-11D3-BF4B-00C04F79EFBC}") = "Renci.SshNet.Silverlight5", "Renci.SshNet.Silverlight5\Renci.SshNet.Silverlight5.csproj", "{E367F791-C1EC-4181-912A-2943CAC6B3BC}"
EndProject
Project("{FAE04EC0-301F-11D3-BF4B-00C04F79EFBC}") = "Renci.SshNet.WindowsPhone8", "Renci.SshNet.WindowsPhone8\Renci.SshNet.WindowsPhone8.csproj", "{4A6CA785-1C8A-47FE-98C0-30C675A9328B}"
EndProject
Project("{2150E333-8FDC-42A3-9474-1A3956D46DE8}") = "Build", "Build", "{2D6CAE62-D053-476F-9BDD-2B1F27FA9C5D}"
	ProjectSection(SolutionItems) = preProject
		..\build\build.proj = ..\build\build.proj
	EndProjectSection
EndProject
Project("{2150E333-8FDC-42A3-9474-1A3956D46DE8}") = "nuget", "nuget", "{94EE3919-19FA-4D9B-8DA9-249050B15232}"
	ProjectSection(SolutionItems) = preProject
		..\build\nuget\SSH.NET.nuspec = ..\build\nuget\SSH.NET.nuspec
	EndProjectSection
EndProject
Project("{2150E333-8FDC-42A3-9474-1A3956D46DE8}") = "sandcastle", "sandcastle", "{A6C3FFD3-16A5-44D3-8C1F-3613D6DD17D1}"
	ProjectSection(SolutionItems) = preProject
		..\build\sandcastle\SSH.NET.shfbproj = ..\build\sandcastle\SSH.NET.shfbproj
	EndProjectSection
EndProject
Global
	GlobalSection(TestCaseManagementSettings) = postSolution
		CategoryFile = Renci.SshNet1.vsmdi
	EndGlobalSection
	GlobalSection(SolutionConfigurationPlatforms) = preSolution
		Debug|Any CPU = Debug|Any CPU
		Debug|ARM = Debug|ARM
		Debug|Mixed Platforms = Debug|Mixed Platforms
		Debug|x64 = Debug|x64
		Debug|x86 = Debug|x86
		Release|Any CPU = Release|Any CPU
		Release|ARM = Release|ARM
		Release|Mixed Platforms = Release|Mixed Platforms
		Release|x64 = Release|x64
		Release|x86 = Release|x86
	EndGlobalSection
	GlobalSection(ProjectConfigurationPlatforms) = postSolution
		{77C294BB-1DC2-49DC-BE16-963F8F22794D}.Debug|Any CPU.ActiveCfg = Debug|Any CPU
		{77C294BB-1DC2-49DC-BE16-963F8F22794D}.Debug|Any CPU.Build.0 = Debug|Any CPU
		{77C294BB-1DC2-49DC-BE16-963F8F22794D}.Debug|ARM.ActiveCfg = Debug|Any CPU
		{77C294BB-1DC2-49DC-BE16-963F8F22794D}.Debug|Mixed Platforms.ActiveCfg = Debug|Any CPU
		{77C294BB-1DC2-49DC-BE16-963F8F22794D}.Debug|Mixed Platforms.Build.0 = Debug|Any CPU
		{77C294BB-1DC2-49DC-BE16-963F8F22794D}.Debug|x64.ActiveCfg = Debug|Any CPU
		{77C294BB-1DC2-49DC-BE16-963F8F22794D}.Debug|x86.ActiveCfg = Debug|Any CPU
		{77C294BB-1DC2-49DC-BE16-963F8F22794D}.Release|Any CPU.ActiveCfg = Release|Any CPU
		{77C294BB-1DC2-49DC-BE16-963F8F22794D}.Release|Any CPU.Build.0 = Release|Any CPU
		{77C294BB-1DC2-49DC-BE16-963F8F22794D}.Release|ARM.ActiveCfg = Release|Any CPU
		{77C294BB-1DC2-49DC-BE16-963F8F22794D}.Release|Mixed Platforms.ActiveCfg = Release|Any CPU
		{77C294BB-1DC2-49DC-BE16-963F8F22794D}.Release|Mixed Platforms.Build.0 = Release|Any CPU
		{77C294BB-1DC2-49DC-BE16-963F8F22794D}.Release|x64.ActiveCfg = Release|Any CPU
		{77C294BB-1DC2-49DC-BE16-963F8F22794D}.Release|x86.ActiveCfg = Release|Any CPU
		{3AD3EDF0-702E-4A91-8735-DCE4659AA54C}.Debug|Any CPU.ActiveCfg = Debug|Any CPU
		{3AD3EDF0-702E-4A91-8735-DCE4659AA54C}.Debug|Any CPU.Build.0 = Debug|Any CPU
		{3AD3EDF0-702E-4A91-8735-DCE4659AA54C}.Debug|ARM.ActiveCfg = Debug|Any CPU
		{3AD3EDF0-702E-4A91-8735-DCE4659AA54C}.Debug|Mixed Platforms.ActiveCfg = Debug|Any CPU
		{3AD3EDF0-702E-4A91-8735-DCE4659AA54C}.Debug|Mixed Platforms.Build.0 = Debug|Any CPU
		{3AD3EDF0-702E-4A91-8735-DCE4659AA54C}.Debug|x64.ActiveCfg = Debug|Any CPU
		{3AD3EDF0-702E-4A91-8735-DCE4659AA54C}.Debug|x86.ActiveCfg = Debug|Any CPU
		{3AD3EDF0-702E-4A91-8735-DCE4659AA54C}.Release|Any CPU.ActiveCfg = Release|Any CPU
		{3AD3EDF0-702E-4A91-8735-DCE4659AA54C}.Release|Any CPU.Build.0 = Release|Any CPU
		{3AD3EDF0-702E-4A91-8735-DCE4659AA54C}.Release|ARM.ActiveCfg = Release|Any CPU
		{3AD3EDF0-702E-4A91-8735-DCE4659AA54C}.Release|Mixed Platforms.ActiveCfg = Release|Any CPU
		{3AD3EDF0-702E-4A91-8735-DCE4659AA54C}.Release|Mixed Platforms.Build.0 = Release|Any CPU
		{3AD3EDF0-702E-4A91-8735-DCE4659AA54C}.Release|x64.ActiveCfg = Release|Any CPU
		{3AD3EDF0-702E-4A91-8735-DCE4659AA54C}.Release|x86.ActiveCfg = Release|Any CPU
		{E367F791-C1EC-4181-912A-2943CAC6B3BC}.Debug|Any CPU.ActiveCfg = Debug|Any CPU
		{E367F791-C1EC-4181-912A-2943CAC6B3BC}.Debug|Any CPU.Build.0 = Debug|Any CPU
		{E367F791-C1EC-4181-912A-2943CAC6B3BC}.Debug|ARM.ActiveCfg = Debug|Any CPU
		{E367F791-C1EC-4181-912A-2943CAC6B3BC}.Debug|Mixed Platforms.ActiveCfg = Debug|Any CPU
		{E367F791-C1EC-4181-912A-2943CAC6B3BC}.Debug|Mixed Platforms.Build.0 = Debug|Any CPU
		{E367F791-C1EC-4181-912A-2943CAC6B3BC}.Debug|x64.ActiveCfg = Debug|Any CPU
		{E367F791-C1EC-4181-912A-2943CAC6B3BC}.Debug|x86.ActiveCfg = Debug|Any CPU
		{E367F791-C1EC-4181-912A-2943CAC6B3BC}.Release|Any CPU.ActiveCfg = Release|Any CPU
		{E367F791-C1EC-4181-912A-2943CAC6B3BC}.Release|Any CPU.Build.0 = Release|Any CPU
		{E367F791-C1EC-4181-912A-2943CAC6B3BC}.Release|ARM.ActiveCfg = Release|Any CPU
		{E367F791-C1EC-4181-912A-2943CAC6B3BC}.Release|Mixed Platforms.ActiveCfg = Release|Any CPU
		{E367F791-C1EC-4181-912A-2943CAC6B3BC}.Release|Mixed Platforms.Build.0 = Release|Any CPU
		{E367F791-C1EC-4181-912A-2943CAC6B3BC}.Release|x64.ActiveCfg = Release|Any CPU
		{E367F791-C1EC-4181-912A-2943CAC6B3BC}.Release|x86.ActiveCfg = Release|Any CPU
		{4A6CA785-1C8A-47FE-98C0-30C675A9328B}.Debug|Any CPU.ActiveCfg = Debug|Any CPU
		{4A6CA785-1C8A-47FE-98C0-30C675A9328B}.Debug|Any CPU.Build.0 = Debug|Any CPU
		{4A6CA785-1C8A-47FE-98C0-30C675A9328B}.Debug|ARM.ActiveCfg = Debug|Any CPU
		{4A6CA785-1C8A-47FE-98C0-30C675A9328B}.Debug|Mixed Platforms.ActiveCfg = Debug|Any CPU
		{4A6CA785-1C8A-47FE-98C0-30C675A9328B}.Debug|Mixed Platforms.Build.0 = Debug|Any CPU
		{4A6CA785-1C8A-47FE-98C0-30C675A9328B}.Debug|x64.ActiveCfg = Debug|Any CPU
		{4A6CA785-1C8A-47FE-98C0-30C675A9328B}.Debug|x86.ActiveCfg = Debug|Any CPU
		{4A6CA785-1C8A-47FE-98C0-30C675A9328B}.Release|Any CPU.ActiveCfg = Release|Any CPU
		{4A6CA785-1C8A-47FE-98C0-30C675A9328B}.Release|Any CPU.Build.0 = Release|Any CPU
		{4A6CA785-1C8A-47FE-98C0-30C675A9328B}.Release|ARM.ActiveCfg = Release|Any CPU
		{4A6CA785-1C8A-47FE-98C0-30C675A9328B}.Release|Mixed Platforms.ActiveCfg = Release|Any CPU
		{4A6CA785-1C8A-47FE-98C0-30C675A9328B}.Release|Mixed Platforms.Build.0 = Release|Any CPU
		{4A6CA785-1C8A-47FE-98C0-30C675A9328B}.Release|x64.ActiveCfg = Release|Any CPU
		{4A6CA785-1C8A-47FE-98C0-30C675A9328B}.Release|x86.ActiveCfg = Release|Any CPU
	EndGlobalSection
	GlobalSection(SolutionProperties) = preSolution
		HideSolutionNode = FALSE
	EndGlobalSection
	GlobalSection(NestedProjects) = preSolution
		{94EE3919-19FA-4D9B-8DA9-249050B15232} = {2D6CAE62-D053-476F-9BDD-2B1F27FA9C5D}
		{A6C3FFD3-16A5-44D3-8C1F-3613D6DD17D1} = {2D6CAE62-D053-476F-9BDD-2B1F27FA9C5D}
	EndGlobalSection
EndGlobal
