
Microsoft Visual Studio Solution File, Format Version 12.00
# Visual Studio 14
VisualStudioVersion = 14.0.25420.1
MinimumVisualStudioVersion = 10.0.40219.1
Project("{2150E333-8FDC-42A3-9474-1A3956D46DE8}") = "Build", "Build", "{2D6CAE62-D053-476F-9BDD-2B1F27FA9C5D}"
	ProjectSection(SolutionItems) = preProject
		..\build\build.proj = ..\build\build.proj
	EndProjectSection
EndProject
Project("{2150E333-8FDC-42A3-9474-1A3956D46DE8}") = "nuget", "nuget", "{94EE3919-19FA-4D9B-8DA9-249050B15232}"
	ProjectSection(SolutionItems) = preProject
		..\build\nuget\SSH.NET.nuspec = ..\build\nuget\SSH.NET.nuspec
	EndProjectSection
EndProject
Project("{2150E333-8FDC-42A3-9474-1A3956D46DE8}") = "sandcastle", "sandcastle", "{A6C3FFD3-16A5-44D3-8C1F-3613D6DD17D1}"
	ProjectSection(SolutionItems) = preProject
		..\build\sandcastle\SSH.NET.shfbproj = ..\build\sandcastle\SSH.NET.shfbproj
	EndProjectSection
EndProject
Project("{FAE04EC0-301F-11D3-BF4B-00C04F79EFBC}") = "Renci.SshNet.Silverlight5", "Renci.SshNet.Silverlight5\Renci.SshNet.Silverlight5.csproj", "{E367F791-C1EC-4181-912A-2943CAC6B3BC}"
EndProject
Project("{FAE04EC0-301F-11D3-BF4B-00C04F79EFBC}") = "Renci.SshNet.WindowsPhone8", "Renci.SshNet.WindowsPhone8\Renci.SshNet.WindowsPhone8.csproj", "{4A6CA785-1C8A-47FE-98C0-30C675A9328B}"
EndProject
Project("{FAE04EC0-301F-11D3-BF4B-00C04F79EFBC}") = "Renci.SshNet.UAP10", "Renci.SshNet.UAP10\Renci.SshNet.UAP10.csproj", "{EC212E04-A372-4B95-B45B-C0D4A739EF80}"
EndProject
Project("{D954291E-2A0B-460D-934E-DC6B0785DB48}") = "Renci.SshNet.Shared.Tests", "..\test\Renci.SshNet.Shared.Tests\Renci.SshNet.Shared.Tests.shproj", "{FAE3948F-A438-458E-8E0E-7F6E39A5DD8A}"
EndProject
Project("{FAE04EC0-301F-11D3-BF4B-00C04F79EFBC}") = "Renci.SshNet.WindowsPhone8.Tests", "..\test\Renci.SshNet.WindowsPhone8.Tests\Renci.SshNet.WindowsPhone8.Tests.csproj", "{26F0D644-B3EF-47DF-8040-E9E4B2E63884}"
EndProject
Global
	GlobalSection(SharedMSBuildProjectFiles) = preSolution
		..\test\Renci.SshNet.Shared.Tests\Renci.SshNet.Shared.Tests.projitems*{26f0d644-b3ef-47df-8040-e9e4b2e63884}*SharedItemsImports = 4
		..\test\Renci.SshNet.Shared.Tests\Renci.SshNet.Shared.Tests.projitems*{fae3948f-a438-458e-8e0e-7f6e39a5dd8a}*SharedItemsImports = 13
	EndGlobalSection
	GlobalSection(SolutionConfigurationPlatforms) = preSolution
		Debug|Any CPU = Debug|Any CPU
		Debug|ARM = Debug|ARM
		Debug|Mixed Platforms = Debug|Mixed Platforms
		Debug|x64 = Debug|x64
		Debug|x86 = Debug|x86
		Release|Any CPU = Release|Any CPU
		Release|ARM = Release|ARM
		Release|Mixed Platforms = Release|Mixed Platforms
		Release|x64 = Release|x64
		Release|x86 = Release|x86
	EndGlobalSection
	GlobalSection(ProjectConfigurationPlatforms) = postSolution
		{E367F791-C1EC-4181-912A-2943CAC6B3BC}.Debug|Any CPU.ActiveCfg = Debug|Any CPU
		{E367F791-C1EC-4181-912A-2943CAC6B3BC}.Debug|Any CPU.Build.0 = Debug|Any CPU
		{E367F791-C1EC-4181-912A-2943CAC6B3BC}.Debug|ARM.ActiveCfg = Debug|Any CPU
		{E367F791-C1EC-4181-912A-2943CAC6B3BC}.Debug|Mixed Platforms.ActiveCfg = Debug|Any CPU
		{E367F791-C1EC-4181-912A-2943CAC6B3BC}.Debug|Mixed Platforms.Build.0 = Debug|Any CPU
		{E367F791-C1EC-4181-912A-2943CAC6B3BC}.Debug|x64.ActiveCfg = Debug|Any CPU
		{E367F791-C1EC-4181-912A-2943CAC6B3BC}.Debug|x86.ActiveCfg = Debug|Any CPU
		{E367F791-C1EC-4181-912A-2943CAC6B3BC}.Release|Any CPU.ActiveCfg = Release|Any CPU
		{E367F791-C1EC-4181-912A-2943CAC6B3BC}.Release|Any CPU.Build.0 = Release|Any CPU
		{E367F791-C1EC-4181-912A-2943CAC6B3BC}.Release|ARM.ActiveCfg = Release|Any CPU
		{E367F791-C1EC-4181-912A-2943CAC6B3BC}.Release|Mixed Platforms.ActiveCfg = Release|Any CPU
		{E367F791-C1EC-4181-912A-2943CAC6B3BC}.Release|Mixed Platforms.Build.0 = Release|Any CPU
		{E367F791-C1EC-4181-912A-2943CAC6B3BC}.Release|x64.ActiveCfg = Release|Any CPU
		{E367F791-C1EC-4181-912A-2943CAC6B3BC}.Release|x86.ActiveCfg = Release|Any CPU
		{4A6CA785-1C8A-47FE-98C0-30C675A9328B}.Debug|Any CPU.ActiveCfg = Debug|Any CPU
		{4A6CA785-1C8A-47FE-98C0-30C675A9328B}.Debug|Any CPU.Build.0 = Debug|Any CPU
		{4A6CA785-1C8A-47FE-98C0-30C675A9328B}.Debug|ARM.ActiveCfg = Debug|Any CPU
		{4A6CA785-1C8A-47FE-98C0-30C675A9328B}.Debug|Mixed Platforms.ActiveCfg = Debug|Any CPU
		{4A6CA785-1C8A-47FE-98C0-30C675A9328B}.Debug|Mixed Platforms.Build.0 = Debug|Any CPU
		{4A6CA785-1C8A-47FE-98C0-30C675A9328B}.Debug|x64.ActiveCfg = Debug|Any CPU
		{4A6CA785-1C8A-47FE-98C0-30C675A9328B}.Debug|x86.ActiveCfg = Debug|Any CPU
		{4A6CA785-1C8A-47FE-98C0-30C675A9328B}.Release|Any CPU.ActiveCfg = Release|Any CPU
		{4A6CA785-1C8A-47FE-98C0-30C675A9328B}.Release|Any CPU.Build.0 = Release|Any CPU
		{4A6CA785-1C8A-47FE-98C0-30C675A9328B}.Release|ARM.ActiveCfg = Release|Any CPU
		{4A6CA785-1C8A-47FE-98C0-30C675A9328B}.Release|Mixed Platforms.ActiveCfg = Release|Any CPU
		{4A6CA785-1C8A-47FE-98C0-30C675A9328B}.Release|Mixed Platforms.Build.0 = Release|Any CPU
		{4A6CA785-1C8A-47FE-98C0-30C675A9328B}.Release|x64.ActiveCfg = Release|Any CPU
		{4A6CA785-1C8A-47FE-98C0-30C675A9328B}.Release|x86.ActiveCfg = Release|Any CPU
		{EC212E04-A372-4B95-B45B-C0D4A739EF80}.Debug|Any CPU.ActiveCfg = Debug|Any CPU
		{EC212E04-A372-4B95-B45B-C0D4A739EF80}.Debug|Any CPU.Build.0 = Debug|Any CPU
		{EC212E04-A372-4B95-B45B-C0D4A739EF80}.Debug|ARM.ActiveCfg = Debug|ARM
		{EC212E04-A372-4B95-B45B-C0D4A739EF80}.Debug|ARM.Build.0 = Debug|ARM
		{EC212E04-A372-4B95-B45B-C0D4A739EF80}.Debug|Mixed Platforms.ActiveCfg = Debug|x86
		{EC212E04-A372-4B95-B45B-C0D4A739EF80}.Debug|Mixed Platforms.Build.0 = Debug|x86
		{EC212E04-A372-4B95-B45B-C0D4A739EF80}.Debug|x64.ActiveCfg = Debug|x64
		{EC212E04-A372-4B95-B45B-C0D4A739EF80}.Debug|x64.Build.0 = Debug|x64
		{EC212E04-A372-4B95-B45B-C0D4A739EF80}.Debug|x86.ActiveCfg = Debug|x86
		{EC212E04-A372-4B95-B45B-C0D4A739EF80}.Debug|x86.Build.0 = Debug|x86
		{EC212E04-A372-4B95-B45B-C0D4A739EF80}.Release|Any CPU.ActiveCfg = Release|Any CPU
		{EC212E04-A372-4B95-B45B-C0D4A739EF80}.Release|Any CPU.Build.0 = Release|Any CPU
		{EC212E04-A372-4B95-B45B-C0D4A739EF80}.Release|ARM.ActiveCfg = Release|ARM
		{EC212E04-A372-4B95-B45B-C0D4A739EF80}.Release|ARM.Build.0 = Release|ARM
		{EC212E04-A372-4B95-B45B-C0D4A739EF80}.Release|Mixed Platforms.ActiveCfg = Release|Any CPU
		{EC212E04-A372-4B95-B45B-C0D4A739EF80}.Release|Mixed Platforms.Build.0 = Release|Any CPU
		{EC212E04-A372-4B95-B45B-C0D4A739EF80}.Release|x64.ActiveCfg = Release|x64
		{EC212E04-A372-4B95-B45B-C0D4A739EF80}.Release|x64.Build.0 = Release|x64
		{EC212E04-A372-4B95-B45B-C0D4A739EF80}.Release|x86.ActiveCfg = Release|x86
		{EC212E04-A372-4B95-B45B-C0D4A739EF80}.Release|x86.Build.0 = Release|x86
		{26F0D644-B3EF-47DF-8040-E9E4B2E63884}.Debug|Any CPU.ActiveCfg = Debug|x86
		{26F0D644-B3EF-47DF-8040-E9E4B2E63884}.Debug|ARM.ActiveCfg = Debug|ARM
		{26F0D644-B3EF-47DF-8040-E9E4B2E63884}.Debug|ARM.Build.0 = Debug|ARM
		{26F0D644-B3EF-47DF-8040-E9E4B2E63884}.Debug|ARM.Deploy.0 = Debug|ARM
		{26F0D644-B3EF-47DF-8040-E9E4B2E63884}.Debug|Mixed Platforms.ActiveCfg = Debug|x86
		{26F0D644-B3EF-47DF-8040-E9E4B2E63884}.Debug|Mixed Platforms.Build.0 = Debug|x86
		{26F0D644-B3EF-47DF-8040-E9E4B2E63884}.Debug|Mixed Platforms.Deploy.0 = Debug|x86
		{26F0D644-B3EF-47DF-8040-E9E4B2E63884}.Debug|x64.ActiveCfg = Debug|x86
		{26F0D644-B3EF-47DF-8040-E9E4B2E63884}.Debug|x86.ActiveCfg = Debug|x86
		{26F0D644-B3EF-47DF-8040-E9E4B2E63884}.Debug|x86.Build.0 = Debug|x86
		{26F0D644-B3EF-47DF-8040-E9E4B2E63884}.Debug|x86.Deploy.0 = Debug|x86
		{26F0D644-B3EF-47DF-8040-E9E4B2E63884}.Release|Any CPU.ActiveCfg = Release|x86
		{26F0D644-B3EF-47DF-8040-E9E4B2E63884}.Release|ARM.ActiveCfg = Release|ARM
		{26F0D644-B3EF-47DF-8040-E9E4B2E63884}.Release|ARM.Build.0 = Release|ARM
		{26F0D644-B3EF-47DF-8040-E9E4B2E63884}.Release|ARM.Deploy.0 = Release|ARM
		{26F0D644-B3EF-47DF-8040-E9E4B2E63884}.Release|Mixed Platforms.ActiveCfg = Release|x86
		{26F0D644-B3EF-47DF-8040-E9E4B2E63884}.Release|Mixed Platforms.Build.0 = Release|x86
		{26F0D644-B3EF-47DF-8040-E9E4B2E63884}.Release|Mixed Platforms.Deploy.0 = Release|x86
		{26F0D644-B3EF-47DF-8040-E9E4B2E63884}.Release|x64.ActiveCfg = Release|x86
		{26F0D644-B3EF-47DF-8040-E9E4B2E63884}.Release|x86.ActiveCfg = Release|x86
		{26F0D644-B3EF-47DF-8040-E9E4B2E63884}.Release|x86.Build.0 = Release|x86
		{26F0D644-B3EF-47DF-8040-E9E4B2E63884}.Release|x86.Deploy.0 = Release|x86
	EndGlobalSection
	GlobalSection(SolutionProperties) = preSolution
		HideSolutionNode = FALSE
	EndGlobalSection
	GlobalSection(NestedProjects) = preSolution
		{94EE3919-19FA-4D9B-8DA9-249050B15232} = {2D6CAE62-D053-476F-9BDD-2B1F27FA9C5D}
		{A6C3FFD3-16A5-44D3-8C1F-3613D6DD17D1} = {2D6CAE62-D053-476F-9BDD-2B1F27FA9C5D}
	EndGlobalSection
	GlobalSection(TestCaseManagementSettings) = postSolution
		CategoryFile = Renci.SshNet1.vsmdi
	EndGlobalSection
EndGlobal
